{
  "pins" : [
    {
      "identity" : "infinitescrollcollectionview",
      "kind" : "remoteSourceControl",
      "location" : "https://github.com/jokerphuongnam/InfiniteScrollCollectionView.git",
      "state" : {
        "branch" : "master",
        "revision" : "0031c83efe068b0009cd2a3407ffd05130f3ccb1"
      }
    }
  ],
  "version" : 2
}
