{
  "pins" : [
    {
      "identity" : "infinitescrollcollectionview",
      "kind" : "remoteSourceControl",
      "location" : "https://github.com/jokerphuongnam/InfiniteScrollCollectionView.git",
      "state" : {
        "branch" : "master",
        "revision" : "1e104069290de3bffdee33456512da54e0de05b5"
      }
    }
  ],
  "version" : 2
}
